
Microsoft Visual Studio Solution File, Format Version 12.00
# Visual Studio Version 17
VisualStudioVersion = 17.9.34902.65
MinimumVisualStudioVersion = 10.0.40219.1
Project("{9A19103F-16F7-4668-BE54-9A1E7A4F7556}") = "MURQ.Domain", "Domain\MURQ.Domain\MURQ.Domain.csproj", "{D95873B5-EA3B-41D7-A124-F5E002A54034}"
EndProject
Project("{2150E333-8FDC-42A3-9474-1A3956D46DE8}") = "Tests", "Tests", "{99F00D1F-4C3B-43C3-9847-C4D475E288E8}"
EndProject
Project("{9A19103F-16F7-4668-BE54-9A1E7A4F7556}") = "MURQ.Domain.Tests", "Tests\MURQ.Domain.Tests\MURQ.Domain.Tests.csproj", "{3604E24F-7B23-4C37-943A-6CFE6843E817}"
EndProject
Project("{9A19103F-16F7-4668-BE54-9A1E7A4F7556}") = "MURQ.UI.SimpleConsole", "Presentation\MURQ.UI.SimpleConsole\MURQ.UI.SimpleConsole.csproj", "{C433D875-8249-4F27-9F7C-2A908FCFB6E9}"
EndProject
Project("{9A19103F-16F7-4668-BE54-9A1E7A4F7556}") = "MURQ.Demo.0", "Demo\MURQ.Demo.0\MURQ.Demo.0.csproj", "{1F468102-840A-4EE4-870F-AF0A45E3DB0A}"
EndProject
Project("{9A19103F-16F7-4668-BE54-9A1E7A4F7556}") = "MURQ.Demo.1", "Demo\MURQ.Demo.1\MURQ.Demo.1.csproj", "{5C7EF7BB-C440-42C5-A822-8C2748B44A41}"
EndProject
Project("{2150E333-8FDC-42A3-9474-1A3956D46DE8}") = "Demo", "Demo", "{7122E7F5-2EAA-4A36-9DCC-4A6DEF46E575}"
EndProject
Project("{FAE04EC0-301F-11D3-BF4B-00C04F79EFBC}") = "MURQ.Demo.2", "Demo\MURQ.Demo.2\MURQ.Demo.2.csproj", "{2F48DEA5-60A2-4189-9B87-CFD3B95F6F91}"
EndProject
Project("{2150E333-8FDC-42A3-9474-1A3956D46DE8}") = "Application", "Application", "{EFD023C4-1557-49DB-8F9F-145AC0E2CEA9}"
EndProject
Project("{2150E333-8FDC-42A3-9474-1A3956D46DE8}") = "Domain", "Domain", "{8A0652AB-C1BF-45AD-BAFE-8DC2F2FBEF04}"
EndProject
Project("{2150E333-8FDC-42A3-9474-1A3956D46DE8}") = "Presentation", "Presentation", "{F0B6B626-2C7C-405D-9064-A664CAFA2964}"
EndProject
Project("{2150E333-8FDC-42A3-9474-1A3956D46DE8}") = "URQL", "URQL", "{3667F6E8-E33E-4EAC-8EFE-89F3251CC058}"
EndProject
Global
	GlobalSection(SolutionConfigurationPlatforms) = preSolution
		Debug|Any CPU = Debug|Any CPU
		Release|Any CPU = Release|Any CPU
	EndGlobalSection
	GlobalSection(ProjectConfigurationPlatforms) = postSolution
		{D95873B5-EA3B-41D7-A124-F5E002A54034}.Debug|Any CPU.ActiveCfg = Debug|Any CPU
		{D95873B5-EA3B-41D7-A124-F5E002A54034}.Debug|Any CPU.Build.0 = Debug|Any CPU
		{D95873B5-EA3B-41D7-A124-F5E002A54034}.Release|Any CPU.ActiveCfg = Release|Any CPU
		{D95873B5-EA3B-41D7-A124-F5E002A54034}.Release|Any CPU.Build.0 = Release|Any CPU
		{3604E24F-7B23-4C37-943A-6CFE6843E817}.Debug|Any CPU.ActiveCfg = Debug|Any CPU
		{3604E24F-7B23-4C37-943A-6CFE6843E817}.Debug|Any CPU.Build.0 = Debug|Any CPU
		{3604E24F-7B23-4C37-943A-6CFE6843E817}.Release|Any CPU.ActiveCfg = Release|Any CPU
		{3604E24F-7B23-4C37-943A-6CFE6843E817}.Release|Any CPU.Build.0 = Release|Any CPU
		{C433D875-8249-4F27-9F7C-2A908FCFB6E9}.Debug|Any CPU.ActiveCfg = Debug|Any CPU
		{C433D875-8249-4F27-9F7C-2A908FCFB6E9}.Debug|Any CPU.Build.0 = Debug|Any CPU
		{C433D875-8249-4F27-9F7C-2A908FCFB6E9}.Release|Any CPU.ActiveCfg = Release|Any CPU
		{C433D875-8249-4F27-9F7C-2A908FCFB6E9}.Release|Any CPU.Build.0 = Release|Any CPU
		{1F468102-840A-4EE4-870F-AF0A45E3DB0A}.Debug|Any CPU.ActiveCfg = Debug|Any CPU
		{1F468102-840A-4EE4-870F-AF0A45E3DB0A}.Debug|Any CPU.Build.0 = Debug|Any CPU
		{1F468102-840A-4EE4-870F-AF0A45E3DB0A}.Release|Any CPU.ActiveCfg = Release|Any CPU
		{1F468102-840A-4EE4-870F-AF0A45E3DB0A}.Release|Any CPU.Build.0 = Release|Any CPU
		{5C7EF7BB-C440-42C5-A822-8C2748B44A41}.Debug|Any CPU.ActiveCfg = Debug|Any CPU
		{5C7EF7BB-C440-42C5-A822-8C2748B44A41}.Debug|Any CPU.Build.0 = Debug|Any CPU
		{5C7EF7BB-C440-42C5-A822-8C2748B44A41}.Release|Any CPU.ActiveCfg = Release|Any CPU
		{5C7EF7BB-C440-42C5-A822-8C2748B44A41}.Release|Any CPU.Build.0 = Release|Any CPU
		{2F48DEA5-60A2-4189-9B87-CFD3B95F6F91}.Debug|Any CPU.ActiveCfg = Debug|Any CPU
		{2F48DEA5-60A2-4189-9B87-CFD3B95F6F91}.Debug|Any CPU.Build.0 = Debug|Any CPU
		{2F48DEA5-60A2-4189-9B87-CFD3B95F6F91}.Release|Any CPU.ActiveCfg = Release|Any CPU
		{2F48DEA5-60A2-4189-9B87-CFD3B95F6F91}.Release|Any CPU.Build.0 = Release|Any CPU
	EndGlobalSection
	GlobalSection(SolutionProperties) = preSolution
		HideSolutionNode = FALSE
	EndGlobalSection
	GlobalSection(NestedProjects) = preSolution
		{D95873B5-EA3B-41D7-A124-F5E002A54034} = {8A0652AB-C1BF-45AD-BAFE-8DC2F2FBEF04}
		{3604E24F-7B23-4C37-943A-6CFE6843E817} = {99F00D1F-4C3B-43C3-9847-C4D475E288E8}
		{C433D875-8249-4F27-9F7C-2A908FCFB6E9} = {F0B6B626-2C7C-405D-9064-A664CAFA2964}
		{1F468102-840A-4EE4-870F-AF0A45E3DB0A} = {7122E7F5-2EAA-4A36-9DCC-4A6DEF46E575}
		{5C7EF7BB-C440-42C5-A822-8C2748B44A41} = {7122E7F5-2EAA-4A36-9DCC-4A6DEF46E575}
		{2F48DEA5-60A2-4189-9B87-CFD3B95F6F91} = {7122E7F5-2EAA-4A36-9DCC-4A6DEF46E575}
		{3667F6E8-E33E-4EAC-8EFE-89F3251CC058} = {EFD023C4-1557-49DB-8F9F-145AC0E2CEA9}
	EndGlobalSection
	GlobalSection(ExtensibilityGlobals) = postSolution
		SolutionGuid = {BF74B623-EA0C-4F20-9A5E-8C3B13147F9E}
	EndGlobalSection
EndGlobal
